
Microsoft Visual Studio Solution File, Format Version 12.00
Project("{FAE04EC0-301F-11D3-BF4B-00C04F79EFBC}") = "AgriEnergyConnect_st10255631_MVC", "AgriEnergyConnect_st10255631_MVC\AgriEnergyConnect_st10255631_MVC.csproj", "{5CC75B7B-257B-46B2-B5DA-10B14F4DD894}"
EndProject
Global
	GlobalSection(SolutionConfigurationPlatforms) = preSolution
		Debug|Any CPU = Debug|Any CPU
		Release|Any CPU = Release|Any CPU
	EndGlobalSection
	GlobalSection(ProjectConfigurationPlatforms) = postSolution
		{5CC75B7B-257B-46B2-B5DA-10B14F4DD894}.Debug|Any CPU.ActiveCfg = Debug|Any CPU
		{5CC75B7B-257B-46B2-B5DA-10B14F4DD894}.Debug|Any CPU.Build.0 = Debug|Any CPU
		{5CC75B7B-257B-46B2-B5DA-10B14F4DD894}.Release|Any CPU.ActiveCfg = Release|Any CPU
		{5CC75B7B-257B-46B2-B5DA-10B14F4DD894}.Release|Any CPU.Build.0 = Release|Any CPU
	EndGlobalSection
EndGlobal
